
Microsoft Visual Studio Solution File, Format Version 12.00
# Visual Studio Version 16
VisualStudioVersion = 16.0.28714.193
MinimumVisualStudioVersion = 10.0.40219.1
Project("{9A19103F-16F7-4668-BE54-9A1E7A4F7556}") = "PiMonitR", "PiMonitR.csproj", "{73E85797-98DF-40A0-B6B7-534E130F6DBC}"
EndProject
Global
	GlobalSection(SolutionConfigurationPlatforms) = preSolution
		Debug|Any CPU = Debug|Any CPU
		Release|Any CPU = Release|Any CPU
	EndGlobalSection
	GlobalSection(ProjectConfigurationPlatforms) = postSolution
		{73E85797-98DF-40A0-B6B7-534E130F6DBC}.Debug|Any CPU.ActiveCfg = Debug|Any CPU
		{73E85797-98DF-40A0-B6B7-534E130F6DBC}.Debug|Any CPU.Build.0 = Debug|Any CPU
		{73E85797-98DF-40A0-B6B7-534E130F6DBC}.Release|Any CPU.ActiveCfg = Release|Any CPU
		{73E85797-98DF-40A0-B6B7-534E130F6DBC}.Release|Any CPU.Build.0 = Release|Any CPU
	EndGlobalSection
	GlobalSection(SolutionProperties) = preSolution
		HideSolutionNode = FALSE
	EndGlobalSection
	GlobalSection(ExtensibilityGlobals) = postSolution
		SolutionGuid = {6D59AC0A-1D6D-4500-B6B5-FB2F8218FF54}
	EndGlobalSection
EndGlobal
